hash: f051fba6802e1abfd63bcbc263b8eeb6ec874f26d5a0e5169c4b0ff5fe73882b
updated: 2017-08-01T14:17:37.108448374-04:00
imports:
- name: github.com/lib/pq
  version: dd1fe2071026ce53f36a39112e645b4d4f5793a4
  subpackages:
  - oid
- name: github.com/mikepb/go-serial
  version: 3db078dbcc1c04e919dfb1d9c39ae42d15b6129d
testImports: []
